
Microsoft Visual Studio Solution File, Format Version 12.00
# Visual Studio 15
VisualStudioVersion = 15.0.26124.0
MinimumVisualStudioVersion = 15.0.26124.0
Project("{2150E333-8FDC-42A3-9474-1A3956D46DE8}") = "src", "src", "{39724554-F0D9-4818-897D-32D7E7CB3234}"
EndProject
Project("{2150E333-8FDC-42A3-9474-1A3956D46DE8}") = "tests", "tests", "{070AF30A-DB39-4F97-BE58-97E89F1667CB}"
EndProject
Project("{2150E333-8FDC-42A3-9474-1A3956D46DE8}") = "samples", "samples", "{0A103693-2F17-4FEC-979E-8ED204CF5C28}"
EndProject
Project("{FAE04EC0-301F-11D3-BF4B-00C04F79EFBC}") = "MicroBootstrap.Abstractions", "src\MicroBootstrap.Abstractions\MicroBootstrap.Abstractions.csproj", "{F6F654A7-1402-447D-AE3F-7870AC38265E}"
EndProject
Project("{FAE04EC0-301F-11D3-BF4B-00C04F79EFBC}") = "MicroBootstrap.Caching.InMemory", "src\MicroBootstrap.Caching.InMemory\MicroBootstrap.Caching.InMemory.csproj", "{C344A0F8-2F2F-4DBE-8735-8FFF937F258B}"
EndProject
Project("{FAE04EC0-301F-11D3-BF4B-00C04F79EFBC}") = "MicroBootstrap.Caching.Redis", "src\MicroBootstrap.Caching.Redis\MicroBootstrap.Caching.Redis.csproj", "{FC2531AC-4277-41C8-9AC4-53452986A188}"
EndProject
Project("{FAE04EC0-301F-11D3-BF4B-00C04F79EFBC}") = "MicroBootstrap.Core", "src\MicroBootstrap.Core\MicroBootstrap.Core.csproj", "{F709FF66-B809-46FE-8455-8962D392DD09}"
EndProject
Project("{FAE04EC0-301F-11D3-BF4B-00C04F79EFBC}") = "MicroBootstrap.CQRS", "src\MicroBootstrap.CQRS\MicroBootstrap.CQRS.csproj", "{B9F3E614-9511-4CB1-AB53-3CD579C157AF}"
EndProject
Project("{FAE04EC0-301F-11D3-BF4B-00C04F79EFBC}") = "MicroBootstrap.Email", "src\MicroBootstrap.Email\MicroBootstrap.Email.csproj", "{E4CB8057-45BD-4E55-90F5-16D9D8D66F11}"
EndProject
Project("{FAE04EC0-301F-11D3-BF4B-00C04F79EFBC}") = "MicroBootstrap.Logging", "src\MicroBootstrap.Logging\MicroBootstrap.Logging.csproj", "{450D0478-0E66-423C-8F5C-303EDE4F21CE}"
EndProject
Project("{FAE04EC0-301F-11D3-BF4B-00C04F79EFBC}") = "MicroBootstrap.Messaging.Postgres", "src\MicroBootstrap.Messaging.Postgres\MicroBootstrap.Messaging.Postgres.csproj", "{84CB498E-667F-4D57-8BBC-E2986C58C5D4}"
EndProject
Project("{FAE04EC0-301F-11D3-BF4B-00C04F79EFBC}") = "MicroBootstrap.Messaging.EasyNetQ", "src\MicroBootstrap.Messaging.EasyNetQ\MicroBootstrap.Messaging.EasyNetQ.csproj", "{79701E38-6616-4C20-92BC-799FF1743692}"
EndProject
Project("{FAE04EC0-301F-11D3-BF4B-00C04F79EFBC}") = "MicroBootstrap.Messaging.MassTransit", "src\MicroBootstrap.Messaging.MassTransit\MicroBootstrap.Messaging.MassTransit.csproj", "{49DC4670-71F9-4885-B244-559788EFED44}"
EndProject
Project("{FAE04EC0-301F-11D3-BF4B-00C04F79EFBC}") = "MicroBootstrap.Messaging.Transport.InMemory", "src\MicroBootstrap.Messaging.Transport.InMemory\MicroBootstrap.Messaging.Transport.InMemory.csproj", "{0A94E7AB-2EBE-4349-A4E0-6A1ABDDB3F06}"
EndProject
Project("{FAE04EC0-301F-11D3-BF4B-00C04F79EFBC}") = "MicroBootstrap.Messaging.Transport.Kafka", "src\MicroBootstrap.Messaging.Transport.Kafka\MicroBootstrap.Messaging.Transport.Kafka.csproj", "{A2B64663-2CDC-4A26-93B8-F965F0392261}"
EndProject
Project("{FAE04EC0-301F-11D3-BF4B-00C04F79EFBC}") = "MicroBootstrap.Messaging.Transport.Rabbitmq", "src\MicroBootstrap.Messaging.Transport.Rabbitmq\MicroBootstrap.Messaging.Transport.Rabbitmq.csproj", "{B04F2234-7CAB-4C87-94EF-3F2B4D4550C5}"
EndProject
Project("{FAE04EC0-301F-11D3-BF4B-00C04F79EFBC}") = "MicroBootstrap.Monitoring", "src\MicroBootstrap.Monitoring\MicroBootstrap.Monitoring.csproj", "{8A65D19C-E1A9-44F1-904D-519C8F31D4A0}"
EndProject
Project("{FAE04EC0-301F-11D3-BF4B-00C04F79EFBC}") = "MicroBootstrap.Persistence.Dapper", "src\MicroBootstrap.Persistence.Dapper\MicroBootstrap.Persistence.Dapper.csproj", "{C5C9E1BE-BDC2-464F-AFD6-7B005D4A9186}"
EndProject
Project("{FAE04EC0-301F-11D3-BF4B-00C04F79EFBC}") = "MicroBootstrap.Persistence.EfCore.Postgres", "src\MicroBootstrap.Persistence.EfCore.Postgres\MicroBootstrap.Persistence.EfCore.Postgres.csproj", "{8C1527C2-6DED-4D3F-99B1-9D9E1DF25760}"
EndProject
Project("{FAE04EC0-301F-11D3-BF4B-00C04F79EFBC}") = "MicroBootstrap.Persistence.ElasticSearch", "src\MicroBootstrap.Persistence.ElasticSearch\MicroBootstrap.Persistence.ElasticSearch.csproj", "{6EE37B59-0689-4185-9CCB-FCF9D14B35B4}"
EndProject
Project("{FAE04EC0-301F-11D3-BF4B-00C04F79EFBC}") = "MicroBootstrap.Persistence.EventStoreDB", "src\MicroBootstrap.Persistence.EventStoreDB\MicroBootstrap.Persistence.EventStoreDB.csproj", "{3046062A-B3F2-482B-9080-E969593DDCBA}"
EndProject
Project("{FAE04EC0-301F-11D3-BF4B-00C04F79EFBC}") = "MicroBootstrap.Persistence.Marten", "src\MicroBootstrap.Persistence.Marten\MicroBootstrap.Persistence.Marten.csproj", "{26F33651-3979-4A81-8272-E2053D12B3F0}"
EndProject
Project("{FAE04EC0-301F-11D3-BF4B-00C04F79EFBC}") = "MicroBootstrap.Persistence.Mongo", "src\MicroBootstrap.Persistence.Mongo\MicroBootstrap.Persistence.Mongo.csproj", "{AFFC4C54-0D93-4D95-8001-1FC0B8A60F87}"
EndProject
Project("{FAE04EC0-301F-11D3-BF4B-00C04F79EFBC}") = "MicroBootstrap.Resiliency", "src\MicroBootstrap.Resiliency\MicroBootstrap.Resiliency.csproj", "{8D8332A6-CEC6-4C20-9C89-B84E5DDA6AE8}"
EndProject
Project("{FAE04EC0-301F-11D3-BF4B-00C04F79EFBC}") = "MicroBootstrap.Scheduling.Hangfire", "src\MicroBootstrap.Scheduling.Hangfire\MicroBootstrap.Scheduling.Hangfire.csproj", "{D4955D09-3B34-466C-BF38-9C7A208F6C10}"
EndProject
Project("{FAE04EC0-301F-11D3-BF4B-00C04F79EFBC}") = "MicroBootstrap.Scheduling.Internal", "src\MicroBootstrap.Scheduling.Internal\MicroBootstrap.Scheduling.Internal.csproj", "{BB738165-5F91-4023-B503-A7AC63457369}"
EndProject
Project("{FAE04EC0-301F-11D3-BF4B-00C04F79EFBC}") = "MicroBootstrap.Security", "src\MicroBootstrap.Security\MicroBootstrap.Security.csproj", "{26E364EF-EDFD-43D1-8647-F8C844983E94}"
EndProject
Project("{FAE04EC0-301F-11D3-BF4B-00C04F79EFBC}") = "MicroBootstrap.ServiceDiscovery", "src\MicroBootstrap.ServiceDiscovery\MicroBootstrap.ServiceDiscovery.csproj", "{00DAA5EF-1B7B-463C-80FB-71A860E76DBA}"
EndProject
Project("{FAE04EC0-301F-11D3-BF4B-00C04F79EFBC}") = "MicroBootstrap.Swagger", "src\MicroBootstrap.Swagger\MicroBootstrap.Swagger.csproj", "{C8D183C4-C066-46F5-893E-A83ED291F46F}"
EndProject
Project("{FAE04EC0-301F-11D3-BF4B-00C04F79EFBC}") = "MicroBootstrap.Tracing", "src\MicroBootstrap.Tracing\MicroBootstrap.Tracing.csproj", "{8F7DC3F0-4ED0-476D-828D-7A95772428A0}"
EndProject
Project("{FAE04EC0-301F-11D3-BF4B-00C04F79EFBC}") = "MicroBootstrap.Validation", "src\MicroBootstrap.Validation\MicroBootstrap.Validation.csproj", "{6F27C3EC-C7A2-415B-8692-D24484AD3588}"
EndProject
Project("{FAE04EC0-301F-11D3-BF4B-00C04F79EFBC}") = "MicroBootstrap.Web", "src\MicroBootstrap.Web\MicroBootstrap.Web.csproj", "{EA8F3485-50DB-4CE4-BDCE-E5D425CD1C4B}"
EndProject
Project("{FAE04EC0-301F-11D3-BF4B-00C04F79EFBC}") = "MicroBootstrap.Serialization.Tests", "tests\MicroBootstrap.Serialization.Tests\MicroBootstrap.Serialization.Tests.csproj", "{19D83B07-B641-44B5-A195-B5D03D96DFBE}"
EndProject
Project("{FAE04EC0-301F-11D3-BF4B-00C04F79EFBC}") = "MicroBootstrap.Serialization", "src\MicroBootstrap.Serialization\MicroBootstrap.Serialization.csproj", "{9D9A5828-80DF-44FA-BB7B-345080F11AF7}"
EndProject
Project("{FAE04EC0-301F-11D3-BF4B-00C04F79EFBC}") = "MicroBootstrap.Persistence.EventStoreDB.Tests", "tests\MicroBootstrap.Persistence.EventStoreDB.Tests\MicroBootstrap.Persistence.EventStoreDB.Tests.csproj", "{83AE7DFF-87E4-46A7-BEE0-A3D03E335330}"
EndProject
Project("{FAE04EC0-301F-11D3-BF4B-00C04F79EFBC}") = "MicroBootstrap.Core.Tests", "tests\MicroBootstrap.Core.Tests\MicroBootstrap.Core.Tests.csproj", "{C8D7595A-F538-4124-A971-583F809F7F07}"
EndProject
Project("{FAE04EC0-301F-11D3-BF4B-00C04F79EFBC}") = "MicroBootstrap.Tests.Shared", "tests\MicroBootstrap.Tests.Shared\MicroBootstrap.Tests.Shared.csproj", "{AE405C8F-558C-4C6D-B3E9-E583334BDF5F}"
EndProject
Global
	GlobalSection(SolutionConfigurationPlatforms) = preSolution
		Debug|Any CPU = Debug|Any CPU
		Debug|x64 = Debug|x64
		Debug|x86 = Debug|x86
		Release|Any CPU = Release|Any CPU
		Release|x64 = Release|x64
		Release|x86 = Release|x86
	EndGlobalSection
	GlobalSection(SolutionProperties) = preSolution
		HideSolutionNode = FALSE
	EndGlobalSection
	GlobalSection(ProjectConfigurationPlatforms) = postSolution
		{F6F654A7-1402-447D-AE3F-7870AC38265E}.Debug|Any CPU.ActiveCfg = Debug|Any CPU
		{F6F654A7-1402-447D-AE3F-7870AC38265E}.Debug|Any CPU.Build.0 = Debug|Any CPU
		{F6F654A7-1402-447D-AE3F-7870AC38265E}.Debug|x64.ActiveCfg = Debug|Any CPU
		{F6F654A7-1402-447D-AE3F-7870AC38265E}.Debug|x64.Build.0 = Debug|Any CPU
		{F6F654A7-1402-447D-AE3F-7870AC38265E}.Debug|x86.ActiveCfg = Debug|Any CPU
		{F6F654A7-1402-447D-AE3F-7870AC38265E}.Debug|x86.Build.0 = Debug|Any CPU
		{F6F654A7-1402-447D-AE3F-7870AC38265E}.Release|Any CPU.ActiveCfg = Release|Any CPU
		{F6F654A7-1402-447D-AE3F-7870AC38265E}.Release|Any CPU.Build.0 = Release|Any CPU
		{F6F654A7-1402-447D-AE3F-7870AC38265E}.Release|x64.ActiveCfg = Release|Any CPU
		{F6F654A7-1402-447D-AE3F-7870AC38265E}.Release|x64.Build.0 = Release|Any CPU
		{F6F654A7-1402-447D-AE3F-7870AC38265E}.Release|x86.ActiveCfg = Release|Any CPU
		{F6F654A7-1402-447D-AE3F-7870AC38265E}.Release|x86.Build.0 = Release|Any CPU
		{C344A0F8-2F2F-4DBE-8735-8FFF937F258B}.Debug|Any CPU.ActiveCfg = Debug|Any CPU
		{C344A0F8-2F2F-4DBE-8735-8FFF937F258B}.Debug|Any CPU.Build.0 = Debug|Any CPU
		{C344A0F8-2F2F-4DBE-8735-8FFF937F258B}.Debug|x64.ActiveCfg = Debug|Any CPU
		{C344A0F8-2F2F-4DBE-8735-8FFF937F258B}.Debug|x64.Build.0 = Debug|Any CPU
		{C344A0F8-2F2F-4DBE-8735-8FFF937F258B}.Debug|x86.ActiveCfg = Debug|Any CPU
		{C344A0F8-2F2F-4DBE-8735-8FFF937F258B}.Debug|x86.Build.0 = Debug|Any CPU
		{C344A0F8-2F2F-4DBE-8735-8FFF937F258B}.Release|Any CPU.ActiveCfg = Release|Any CPU
		{C344A0F8-2F2F-4DBE-8735-8FFF937F258B}.Release|Any CPU.Build.0 = Release|Any CPU
		{C344A0F8-2F2F-4DBE-8735-8FFF937F258B}.Release|x64.ActiveCfg = Release|Any CPU
		{C344A0F8-2F2F-4DBE-8735-8FFF937F258B}.Release|x64.Build.0 = Release|Any CPU
		{C344A0F8-2F2F-4DBE-8735-8FFF937F258B}.Release|x86.ActiveCfg = Release|Any CPU
		{C344A0F8-2F2F-4DBE-8735-8FFF937F258B}.Release|x86.Build.0 = Release|Any CPU
		{FC2531AC-4277-41C8-9AC4-53452986A188}.Debug|Any CPU.ActiveCfg = Debug|Any CPU
		{FC2531AC-4277-41C8-9AC4-53452986A188}.Debug|Any CPU.Build.0 = Debug|Any CPU
		{FC2531AC-4277-41C8-9AC4-53452986A188}.Debug|x64.ActiveCfg = Debug|Any CPU
		{FC2531AC-4277-41C8-9AC4-53452986A188}.Debug|x64.Build.0 = Debug|Any CPU
		{FC2531AC-4277-41C8-9AC4-53452986A188}.Debug|x86.ActiveCfg = Debug|Any CPU
		{FC2531AC-4277-41C8-9AC4-53452986A188}.Debug|x86.Build.0 = Debug|Any CPU
		{FC2531AC-4277-41C8-9AC4-53452986A188}.Release|Any CPU.ActiveCfg = Release|Any CPU
		{FC2531AC-4277-41C8-9AC4-53452986A188}.Release|Any CPU.Build.0 = Release|Any CPU
		{FC2531AC-4277-41C8-9AC4-53452986A188}.Release|x64.ActiveCfg = Release|Any CPU
		{FC2531AC-4277-41C8-9AC4-53452986A188}.Release|x64.Build.0 = Release|Any CPU
		{FC2531AC-4277-41C8-9AC4-53452986A188}.Release|x86.ActiveCfg = Release|Any CPU
		{FC2531AC-4277-41C8-9AC4-53452986A188}.Release|x86.Build.0 = Release|Any CPU
		{F709FF66-B809-46FE-8455-8962D392DD09}.Debug|Any CPU.ActiveCfg = Debug|Any CPU
		{F709FF66-B809-46FE-8455-8962D392DD09}.Debug|Any CPU.Build.0 = Debug|Any CPU
		{F709FF66-B809-46FE-8455-8962D392DD09}.Debug|x64.ActiveCfg = Debug|Any CPU
		{F709FF66-B809-46FE-8455-8962D392DD09}.Debug|x64.Build.0 = Debug|Any CPU
		{F709FF66-B809-46FE-8455-8962D392DD09}.Debug|x86.ActiveCfg = Debug|Any CPU
		{F709FF66-B809-46FE-8455-8962D392DD09}.Debug|x86.Build.0 = Debug|Any CPU
		{F709FF66-B809-46FE-8455-8962D392DD09}.Release|Any CPU.ActiveCfg = Release|Any CPU
		{F709FF66-B809-46FE-8455-8962D392DD09}.Release|Any CPU.Build.0 = Release|Any CPU
		{F709FF66-B809-46FE-8455-8962D392DD09}.Release|x64.ActiveCfg = Release|Any CPU
		{F709FF66-B809-46FE-8455-8962D392DD09}.Release|x64.Build.0 = Release|Any CPU
		{F709FF66-B809-46FE-8455-8962D392DD09}.Release|x86.ActiveCfg = Release|Any CPU
		{F709FF66-B809-46FE-8455-8962D392DD09}.Release|x86.Build.0 = Release|Any CPU
		{B9F3E614-9511-4CB1-AB53-3CD579C157AF}.Debug|Any CPU.ActiveCfg = Debug|Any CPU
		{B9F3E614-9511-4CB1-AB53-3CD579C157AF}.Debug|Any CPU.Build.0 = Debug|Any CPU
		{B9F3E614-9511-4CB1-AB53-3CD579C157AF}.Debug|x64.ActiveCfg = Debug|Any CPU
		{B9F3E614-9511-4CB1-AB53-3CD579C157AF}.Debug|x64.Build.0 = Debug|Any CPU
		{B9F3E614-9511-4CB1-AB53-3CD579C157AF}.Debug|x86.ActiveCfg = Debug|Any CPU
		{B9F3E614-9511-4CB1-AB53-3CD579C157AF}.Debug|x86.Build.0 = Debug|Any CPU
		{B9F3E614-9511-4CB1-AB53-3CD579C157AF}.Release|Any CPU.ActiveCfg = Release|Any CPU
		{B9F3E614-9511-4CB1-AB53-3CD579C157AF}.Release|Any CPU.Build.0 = Release|Any CPU
		{B9F3E614-9511-4CB1-AB53-3CD579C157AF}.Release|x64.ActiveCfg = Release|Any CPU
		{B9F3E614-9511-4CB1-AB53-3CD579C157AF}.Release|x64.Build.0 = Release|Any CPU
		{B9F3E614-9511-4CB1-AB53-3CD579C157AF}.Release|x86.ActiveCfg = Release|Any CPU
		{B9F3E614-9511-4CB1-AB53-3CD579C157AF}.Release|x86.Build.0 = Release|Any CPU
		{E4CB8057-45BD-4E55-90F5-16D9D8D66F11}.Debug|Any CPU.ActiveCfg = Debug|Any CPU
		{E4CB8057-45BD-4E55-90F5-16D9D8D66F11}.Debug|Any CPU.Build.0 = Debug|Any CPU
		{E4CB8057-45BD-4E55-90F5-16D9D8D66F11}.Debug|x64.ActiveCfg = Debug|Any CPU
		{E4CB8057-45BD-4E55-90F5-16D9D8D66F11}.Debug|x64.Build.0 = Debug|Any CPU
		{E4CB8057-45BD-4E55-90F5-16D9D8D66F11}.Debug|x86.ActiveCfg = Debug|Any CPU
		{E4CB8057-45BD-4E55-90F5-16D9D8D66F11}.Debug|x86.Build.0 = Debug|Any CPU
		{E4CB8057-45BD-4E55-90F5-16D9D8D66F11}.Release|Any CPU.ActiveCfg = Release|Any CPU
		{E4CB8057-45BD-4E55-90F5-16D9D8D66F11}.Release|Any CPU.Build.0 = Release|Any CPU
		{E4CB8057-45BD-4E55-90F5-16D9D8D66F11}.Release|x64.ActiveCfg = Release|Any CPU
		{E4CB8057-45BD-4E55-90F5-16D9D8D66F11}.Release|x64.Build.0 = Release|Any CPU
		{E4CB8057-45BD-4E55-90F5-16D9D8D66F11}.Release|x86.ActiveCfg = Release|Any CPU
		{E4CB8057-45BD-4E55-90F5-16D9D8D66F11}.Release|x86.Build.0 = Release|Any CPU
		{450D0478-0E66-423C-8F5C-303EDE4F21CE}.Debug|Any CPU.ActiveCfg = Debug|Any CPU
		{450D0478-0E66-423C-8F5C-303EDE4F21CE}.Debug|Any CPU.Build.0 = Debug|Any CPU
		{450D0478-0E66-423C-8F5C-303EDE4F21CE}.Debug|x64.ActiveCfg = Debug|Any CPU
		{450D0478-0E66-423C-8F5C-303EDE4F21CE}.Debug|x64.Build.0 = Debug|Any CPU
		{450D0478-0E66-423C-8F5C-303EDE4F21CE}.Debug|x86.ActiveCfg = Debug|Any CPU
		{450D0478-0E66-423C-8F5C-303EDE4F21CE}.Debug|x86.Build.0 = Debug|Any CPU
		{450D0478-0E66-423C-8F5C-303EDE4F21CE}.Release|Any CPU.ActiveCfg = Release|Any CPU
		{450D0478-0E66-423C-8F5C-303EDE4F21CE}.Release|Any CPU.Build.0 = Release|Any CPU
		{450D0478-0E66-423C-8F5C-303EDE4F21CE}.Release|x64.ActiveCfg = Release|Any CPU
		{450D0478-0E66-423C-8F5C-303EDE4F21CE}.Release|x64.Build.0 = Release|Any CPU
		{450D0478-0E66-423C-8F5C-303EDE4F21CE}.Release|x86.ActiveCfg = Release|Any CPU
		{450D0478-0E66-423C-8F5C-303EDE4F21CE}.Release|x86.Build.0 = Release|Any CPU
		{84CB498E-667F-4D57-8BBC-E2986C58C5D4}.Debug|Any CPU.ActiveCfg = Debug|Any CPU
		{84CB498E-667F-4D57-8BBC-E2986C58C5D4}.Debug|Any CPU.Build.0 = Debug|Any CPU
		{84CB498E-667F-4D57-8BBC-E2986C58C5D4}.Debug|x64.ActiveCfg = Debug|Any CPU
		{84CB498E-667F-4D57-8BBC-E2986C58C5D4}.Debug|x64.Build.0 = Debug|Any CPU
		{84CB498E-667F-4D57-8BBC-E2986C58C5D4}.Debug|x86.ActiveCfg = Debug|Any CPU
		{84CB498E-667F-4D57-8BBC-E2986C58C5D4}.Debug|x86.Build.0 = Debug|Any CPU
		{84CB498E-667F-4D57-8BBC-E2986C58C5D4}.Release|Any CPU.ActiveCfg = Release|Any CPU
		{84CB498E-667F-4D57-8BBC-E2986C58C5D4}.Release|Any CPU.Build.0 = Release|Any CPU
		{84CB498E-667F-4D57-8BBC-E2986C58C5D4}.Release|x64.ActiveCfg = Release|Any CPU
		{84CB498E-667F-4D57-8BBC-E2986C58C5D4}.Release|x64.Build.0 = Release|Any CPU
		{84CB498E-667F-4D57-8BBC-E2986C58C5D4}.Release|x86.ActiveCfg = Release|Any CPU
		{84CB498E-667F-4D57-8BBC-E2986C58C5D4}.Release|x86.Build.0 = Release|Any CPU
		{79701E38-6616-4C20-92BC-799FF1743692}.Debug|Any CPU.ActiveCfg = Debug|Any CPU
		{79701E38-6616-4C20-92BC-799FF1743692}.Debug|Any CPU.Build.0 = Debug|Any CPU
		{79701E38-6616-4C20-92BC-799FF1743692}.Debug|x64.ActiveCfg = Debug|Any CPU
		{79701E38-6616-4C20-92BC-799FF1743692}.Debug|x64.Build.0 = Debug|Any CPU
		{79701E38-6616-4C20-92BC-799FF1743692}.Debug|x86.ActiveCfg = Debug|Any CPU
		{79701E38-6616-4C20-92BC-799FF1743692}.Debug|x86.Build.0 = Debug|Any CPU
		{79701E38-6616-4C20-92BC-799FF1743692}.Release|Any CPU.ActiveCfg = Release|Any CPU
		{79701E38-6616-4C20-92BC-799FF1743692}.Release|Any CPU.Build.0 = Release|Any CPU
		{79701E38-6616-4C20-92BC-799FF1743692}.Release|x64.ActiveCfg = Release|Any CPU
		{79701E38-6616-4C20-92BC-799FF1743692}.Release|x64.Build.0 = Release|Any CPU
		{79701E38-6616-4C20-92BC-799FF1743692}.Release|x86.ActiveCfg = Release|Any CPU
		{79701E38-6616-4C20-92BC-799FF1743692}.Release|x86.Build.0 = Release|Any CPU
		{49DC4670-71F9-4885-B244-559788EFED44}.Debug|Any CPU.ActiveCfg = Debug|Any CPU
		{49DC4670-71F9-4885-B244-559788EFED44}.Debug|Any CPU.Build.0 = Debug|Any CPU
		{49DC4670-71F9-4885-B244-559788EFED44}.Debug|x64.ActiveCfg = Debug|Any CPU
		{49DC4670-71F9-4885-B244-559788EFED44}.Debug|x64.Build.0 = Debug|Any CPU
		{49DC4670-71F9-4885-B244-559788EFED44}.Debug|x86.ActiveCfg = Debug|Any CPU
		{49DC4670-71F9-4885-B244-559788EFED44}.Debug|x86.Build.0 = Debug|Any CPU
		{49DC4670-71F9-4885-B244-559788EFED44}.Release|Any CPU.ActiveCfg = Release|Any CPU
		{49DC4670-71F9-4885-B244-559788EFED44}.Release|Any CPU.Build.0 = Release|Any CPU
		{49DC4670-71F9-4885-B244-559788EFED44}.Release|x64.ActiveCfg = Release|Any CPU
		{49DC4670-71F9-4885-B244-559788EFED44}.Release|x64.Build.0 = Release|Any CPU
		{49DC4670-71F9-4885-B244-559788EFED44}.Release|x86.ActiveCfg = Release|Any CPU
		{49DC4670-71F9-4885-B244-559788EFED44}.Release|x86.Build.0 = Release|Any CPU
		{0A94E7AB-2EBE-4349-A4E0-6A1ABDDB3F06}.Debug|Any CPU.ActiveCfg = Debug|Any CPU
		{0A94E7AB-2EBE-4349-A4E0-6A1ABDDB3F06}.Debug|Any CPU.Build.0 = Debug|Any CPU
		{0A94E7AB-2EBE-4349-A4E0-6A1ABDDB3F06}.Debug|x64.ActiveCfg = Debug|Any CPU
		{0A94E7AB-2EBE-4349-A4E0-6A1ABDDB3F06}.Debug|x64.Build.0 = Debug|Any CPU
		{0A94E7AB-2EBE-4349-A4E0-6A1ABDDB3F06}.Debug|x86.ActiveCfg = Debug|Any CPU
		{0A94E7AB-2EBE-4349-A4E0-6A1ABDDB3F06}.Debug|x86.Build.0 = Debug|Any CPU
		{0A94E7AB-2EBE-4349-A4E0-6A1ABDDB3F06}.Release|Any CPU.ActiveCfg = Release|Any CPU
		{0A94E7AB-2EBE-4349-A4E0-6A1ABDDB3F06}.Release|Any CPU.Build.0 = Release|Any CPU
		{0A94E7AB-2EBE-4349-A4E0-6A1ABDDB3F06}.Release|x64.ActiveCfg = Release|Any CPU
		{0A94E7AB-2EBE-4349-A4E0-6A1ABDDB3F06}.Release|x64.Build.0 = Release|Any CPU
		{0A94E7AB-2EBE-4349-A4E0-6A1ABDDB3F06}.Release|x86.ActiveCfg = Release|Any CPU
		{0A94E7AB-2EBE-4349-A4E0-6A1ABDDB3F06}.Release|x86.Build.0 = Release|Any CPU
		{A2B64663-2CDC-4A26-93B8-F965F0392261}.Debug|Any CPU.ActiveCfg = Debug|Any CPU
		{A2B64663-2CDC-4A26-93B8-F965F0392261}.Debug|Any CPU.Build.0 = Debug|Any CPU
		{A2B64663-2CDC-4A26-93B8-F965F0392261}.Debug|x64.ActiveCfg = Debug|Any CPU
		{A2B64663-2CDC-4A26-93B8-F965F0392261}.Debug|x64.Build.0 = Debug|Any CPU
		{A2B64663-2CDC-4A26-93B8-F965F0392261}.Debug|x86.ActiveCfg = Debug|Any CPU
		{A2B64663-2CDC-4A26-93B8-F965F0392261}.Debug|x86.Build.0 = Debug|Any CPU
		{A2B64663-2CDC-4A26-93B8-F965F0392261}.Release|Any CPU.ActiveCfg = Release|Any CPU
		{A2B64663-2CDC-4A26-93B8-F965F0392261}.Release|Any CPU.Build.0 = Release|Any CPU
		{A2B64663-2CDC-4A26-93B8-F965F0392261}.Release|x64.ActiveCfg = Release|Any CPU
		{A2B64663-2CDC-4A26-93B8-F965F0392261}.Release|x64.Build.0 = Release|Any CPU
		{A2B64663-2CDC-4A26-93B8-F965F0392261}.Release|x86.ActiveCfg = Release|Any CPU
		{A2B64663-2CDC-4A26-93B8-F965F0392261}.Release|x86.Build.0 = Release|Any CPU
		{B04F2234-7CAB-4C87-94EF-3F2B4D4550C5}.Debug|Any CPU.ActiveCfg = Debug|Any CPU
		{B04F2234-7CAB-4C87-94EF-3F2B4D4550C5}.Debug|Any CPU.Build.0 = Debug|Any CPU
		{B04F2234-7CAB-4C87-94EF-3F2B4D4550C5}.Debug|x64.ActiveCfg = Debug|Any CPU
		{B04F2234-7CAB-4C87-94EF-3F2B4D4550C5}.Debug|x64.Build.0 = Debug|Any CPU
		{B04F2234-7CAB-4C87-94EF-3F2B4D4550C5}.Debug|x86.ActiveCfg = Debug|Any CPU
		{B04F2234-7CAB-4C87-94EF-3F2B4D4550C5}.Debug|x86.Build.0 = Debug|Any CPU
		{B04F2234-7CAB-4C87-94EF-3F2B4D4550C5}.Release|Any CPU.ActiveCfg = Release|Any CPU
		{B04F2234-7CAB-4C87-94EF-3F2B4D4550C5}.Release|Any CPU.Build.0 = Release|Any CPU
		{B04F2234-7CAB-4C87-94EF-3F2B4D4550C5}.Release|x64.ActiveCfg = Release|Any CPU
		{B04F2234-7CAB-4C87-94EF-3F2B4D4550C5}.Release|x64.Build.0 = Release|Any CPU
		{B04F2234-7CAB-4C87-94EF-3F2B4D4550C5}.Release|x86.ActiveCfg = Release|Any CPU
		{B04F2234-7CAB-4C87-94EF-3F2B4D4550C5}.Release|x86.Build.0 = Release|Any CPU
		{8A65D19C-E1A9-44F1-904D-519C8F31D4A0}.Debug|Any CPU.ActiveCfg = Debug|Any CPU
		{8A65D19C-E1A9-44F1-904D-519C8F31D4A0}.Debug|Any CPU.Build.0 = Debug|Any CPU
		{8A65D19C-E1A9-44F1-904D-519C8F31D4A0}.Debug|x64.ActiveCfg = Debug|Any CPU
		{8A65D19C-E1A9-44F1-904D-519C8F31D4A0}.Debug|x64.Build.0 = Debug|Any CPU
		{8A65D19C-E1A9-44F1-904D-519C8F31D4A0}.Debug|x86.ActiveCfg = Debug|Any CPU
		{8A65D19C-E1A9-44F1-904D-519C8F31D4A0}.Debug|x86.Build.0 = Debug|Any CPU
		{8A65D19C-E1A9-44F1-904D-519C8F31D4A0}.Release|Any CPU.ActiveCfg = Release|Any CPU
		{8A65D19C-E1A9-44F1-904D-519C8F31D4A0}.Release|Any CPU.Build.0 = Release|Any CPU
		{8A65D19C-E1A9-44F1-904D-519C8F31D4A0}.Release|x64.ActiveCfg = Release|Any CPU
		{8A65D19C-E1A9-44F1-904D-519C8F31D4A0}.Release|x64.Build.0 = Release|Any CPU
		{8A65D19C-E1A9-44F1-904D-519C8F31D4A0}.Release|x86.ActiveCfg = Release|Any CPU
		{8A65D19C-E1A9-44F1-904D-519C8F31D4A0}.Release|x86.Build.0 = Release|Any CPU
		{C5C9E1BE-BDC2-464F-AFD6-7B005D4A9186}.Debug|Any CPU.ActiveCfg = Debug|Any CPU
		{C5C9E1BE-BDC2-464F-AFD6-7B005D4A9186}.Debug|Any CPU.Build.0 = Debug|Any CPU
		{C5C9E1BE-BDC2-464F-AFD6-7B005D4A9186}.Debug|x64.ActiveCfg = Debug|Any CPU
		{C5C9E1BE-BDC2-464F-AFD6-7B005D4A9186}.Debug|x64.Build.0 = Debug|Any CPU
		{C5C9E1BE-BDC2-464F-AFD6-7B005D4A9186}.Debug|x86.ActiveCfg = Debug|Any CPU
		{C5C9E1BE-BDC2-464F-AFD6-7B005D4A9186}.Debug|x86.Build.0 = Debug|Any CPU
		{C5C9E1BE-BDC2-464F-AFD6-7B005D4A9186}.Release|Any CPU.ActiveCfg = Release|Any CPU
		{C5C9E1BE-BDC2-464F-AFD6-7B005D4A9186}.Release|Any CPU.Build.0 = Release|Any CPU
		{C5C9E1BE-BDC2-464F-AFD6-7B005D4A9186}.Release|x64.ActiveCfg = Release|Any CPU
		{C5C9E1BE-BDC2-464F-AFD6-7B005D4A9186}.Release|x64.Build.0 = Release|Any CPU
		{C5C9E1BE-BDC2-464F-AFD6-7B005D4A9186}.Release|x86.ActiveCfg = Release|Any CPU
		{C5C9E1BE-BDC2-464F-AFD6-7B005D4A9186}.Release|x86.Build.0 = Release|Any CPU
		{8C1527C2-6DED-4D3F-99B1-9D9E1DF25760}.Debug|Any CPU.ActiveCfg = Debug|Any CPU
		{8C1527C2-6DED-4D3F-99B1-9D9E1DF25760}.Debug|Any CPU.Build.0 = Debug|Any CPU
		{8C1527C2-6DED-4D3F-99B1-9D9E1DF25760}.Debug|x64.ActiveCfg = Debug|Any CPU
		{8C1527C2-6DED-4D3F-99B1-9D9E1DF25760}.Debug|x64.Build.0 = Debug|Any CPU
		{8C1527C2-6DED-4D3F-99B1-9D9E1DF25760}.Debug|x86.ActiveCfg = Debug|Any CPU
		{8C1527C2-6DED-4D3F-99B1-9D9E1DF25760}.Debug|x86.Build.0 = Debug|Any CPU
		{8C1527C2-6DED-4D3F-99B1-9D9E1DF25760}.Release|Any CPU.ActiveCfg = Release|Any CPU
		{8C1527C2-6DED-4D3F-99B1-9D9E1DF25760}.Release|Any CPU.Build.0 = Release|Any CPU
		{8C1527C2-6DED-4D3F-99B1-9D9E1DF25760}.Release|x64.ActiveCfg = Release|Any CPU
		{8C1527C2-6DED-4D3F-99B1-9D9E1DF25760}.Release|x64.Build.0 = Release|Any CPU
		{8C1527C2-6DED-4D3F-99B1-9D9E1DF25760}.Release|x86.ActiveCfg = Release|Any CPU
		{8C1527C2-6DED-4D3F-99B1-9D9E1DF25760}.Release|x86.Build.0 = Release|Any CPU
		{6EE37B59-0689-4185-9CCB-FCF9D14B35B4}.Debug|Any CPU.ActiveCfg = Debug|Any CPU
		{6EE37B59-0689-4185-9CCB-FCF9D14B35B4}.Debug|Any CPU.Build.0 = Debug|Any CPU
		{6EE37B59-0689-4185-9CCB-FCF9D14B35B4}.Debug|x64.ActiveCfg = Debug|Any CPU
		{6EE37B59-0689-4185-9CCB-FCF9D14B35B4}.Debug|x64.Build.0 = Debug|Any CPU
		{6EE37B59-0689-4185-9CCB-FCF9D14B35B4}.Debug|x86.ActiveCfg = Debug|Any CPU
		{6EE37B59-0689-4185-9CCB-FCF9D14B35B4}.Debug|x86.Build.0 = Debug|Any CPU
		{6EE37B59-0689-4185-9CCB-FCF9D14B35B4}.Release|Any CPU.ActiveCfg = Release|Any CPU
		{6EE37B59-0689-4185-9CCB-FCF9D14B35B4}.Release|Any CPU.Build.0 = Release|Any CPU
		{6EE37B59-0689-4185-9CCB-FCF9D14B35B4}.Release|x64.ActiveCfg = Release|Any CPU
		{6EE37B59-0689-4185-9CCB-FCF9D14B35B4}.Release|x64.Build.0 = Release|Any CPU
		{6EE37B59-0689-4185-9CCB-FCF9D14B35B4}.Release|x86.ActiveCfg = Release|Any CPU
		{6EE37B59-0689-4185-9CCB-FCF9D14B35B4}.Release|x86.Build.0 = Release|Any CPU
		{3046062A-B3F2-482B-9080-E969593DDCBA}.Debug|Any CPU.ActiveCfg = Debug|Any CPU
		{3046062A-B3F2-482B-9080-E969593DDCBA}.Debug|Any CPU.Build.0 = Debug|Any CPU
		{3046062A-B3F2-482B-9080-E969593DDCBA}.Debug|x64.ActiveCfg = Debug|Any CPU
		{3046062A-B3F2-482B-9080-E969593DDCBA}.Debug|x64.Build.0 = Debug|Any CPU
		{3046062A-B3F2-482B-9080-E969593DDCBA}.Debug|x86.ActiveCfg = Debug|Any CPU
		{3046062A-B3F2-482B-9080-E969593DDCBA}.Debug|x86.Build.0 = Debug|Any CPU
		{3046062A-B3F2-482B-9080-E969593DDCBA}.Release|Any CPU.ActiveCfg = Release|Any CPU
		{3046062A-B3F2-482B-9080-E969593DDCBA}.Release|Any CPU.Build.0 = Release|Any CPU
		{3046062A-B3F2-482B-9080-E969593DDCBA}.Release|x64.ActiveCfg = Release|Any CPU
		{3046062A-B3F2-482B-9080-E969593DDCBA}.Release|x64.Build.0 = Release|Any CPU
		{3046062A-B3F2-482B-9080-E969593DDCBA}.Release|x86.ActiveCfg = Release|Any CPU
		{3046062A-B3F2-482B-9080-E969593DDCBA}.Release|x86.Build.0 = Release|Any CPU
		{26F33651-3979-4A81-8272-E2053D12B3F0}.Debug|Any CPU.ActiveCfg = Debug|Any CPU
		{26F33651-3979-4A81-8272-E2053D12B3F0}.Debug|Any CPU.Build.0 = Debug|Any CPU
		{26F33651-3979-4A81-8272-E2053D12B3F0}.Debug|x64.ActiveCfg = Debug|Any CPU
		{26F33651-3979-4A81-8272-E2053D12B3F0}.Debug|x64.Build.0 = Debug|Any CPU
		{26F33651-3979-4A81-8272-E2053D12B3F0}.Debug|x86.ActiveCfg = Debug|Any CPU
		{26F33651-3979-4A81-8272-E2053D12B3F0}.Debug|x86.Build.0 = Debug|Any CPU
		{26F33651-3979-4A81-8272-E2053D12B3F0}.Release|Any CPU.ActiveCfg = Release|Any CPU
		{26F33651-3979-4A81-8272-E2053D12B3F0}.Release|Any CPU.Build.0 = Release|Any CPU
		{26F33651-3979-4A81-8272-E2053D12B3F0}.Release|x64.ActiveCfg = Release|Any CPU
		{26F33651-3979-4A81-8272-E2053D12B3F0}.Release|x64.Build.0 = Release|Any CPU
		{26F33651-3979-4A81-8272-E2053D12B3F0}.Release|x86.ActiveCfg = Release|Any CPU
		{26F33651-3979-4A81-8272-E2053D12B3F0}.Release|x86.Build.0 = Release|Any CPU
		{AFFC4C54-0D93-4D95-8001-1FC0B8A60F87}.Debug|Any CPU.ActiveCfg = Debug|Any CPU
		{AFFC4C54-0D93-4D95-8001-1FC0B8A60F87}.Debug|Any CPU.Build.0 = Debug|Any CPU
		{AFFC4C54-0D93-4D95-8001-1FC0B8A60F87}.Debug|x64.ActiveCfg = Debug|Any CPU
		{AFFC4C54-0D93-4D95-8001-1FC0B8A60F87}.Debug|x64.Build.0 = Debug|Any CPU
		{AFFC4C54-0D93-4D95-8001-1FC0B8A60F87}.Debug|x86.ActiveCfg = Debug|Any CPU
		{AFFC4C54-0D93-4D95-8001-1FC0B8A60F87}.Debug|x86.Build.0 = Debug|Any CPU
		{AFFC4C54-0D93-4D95-8001-1FC0B8A60F87}.Release|Any CPU.ActiveCfg = Release|Any CPU
		{AFFC4C54-0D93-4D95-8001-1FC0B8A60F87}.Release|Any CPU.Build.0 = Release|Any CPU
		{AFFC4C54-0D93-4D95-8001-1FC0B8A60F87}.Release|x64.ActiveCfg = Release|Any CPU
		{AFFC4C54-0D93-4D95-8001-1FC0B8A60F87}.Release|x64.Build.0 = Release|Any CPU
		{AFFC4C54-0D93-4D95-8001-1FC0B8A60F87}.Release|x86.ActiveCfg = Release|Any CPU
		{AFFC4C54-0D93-4D95-8001-1FC0B8A60F87}.Release|x86.Build.0 = Release|Any CPU
		{8D8332A6-CEC6-4C20-9C89-B84E5DDA6AE8}.Debug|Any CPU.ActiveCfg = Debug|Any CPU
		{8D8332A6-CEC6-4C20-9C89-B84E5DDA6AE8}.Debug|Any CPU.Build.0 = Debug|Any CPU
		{8D8332A6-CEC6-4C20-9C89-B84E5DDA6AE8}.Debug|x64.ActiveCfg = Debug|Any CPU
		{8D8332A6-CEC6-4C20-9C89-B84E5DDA6AE8}.Debug|x64.Build.0 = Debug|Any CPU
		{8D8332A6-CEC6-4C20-9C89-B84E5DDA6AE8}.Debug|x86.ActiveCfg = Debug|Any CPU
		{8D8332A6-CEC6-4C20-9C89-B84E5DDA6AE8}.Debug|x86.Build.0 = Debug|Any CPU
		{8D8332A6-CEC6-4C20-9C89-B84E5DDA6AE8}.Release|Any CPU.ActiveCfg = Release|Any CPU
		{8D8332A6-CEC6-4C20-9C89-B84E5DDA6AE8}.Release|Any CPU.Build.0 = Release|Any CPU
		{8D8332A6-CEC6-4C20-9C89-B84E5DDA6AE8}.Release|x64.ActiveCfg = Release|Any CPU
		{8D8332A6-CEC6-4C20-9C89-B84E5DDA6AE8}.Release|x64.Build.0 = Release|Any CPU
		{8D8332A6-CEC6-4C20-9C89-B84E5DDA6AE8}.Release|x86.ActiveCfg = Release|Any CPU
		{8D8332A6-CEC6-4C20-9C89-B84E5DDA6AE8}.Release|x86.Build.0 = Release|Any CPU
		{D4955D09-3B34-466C-BF38-9C7A208F6C10}.Debug|Any CPU.ActiveCfg = Debug|Any CPU
		{D4955D09-3B34-466C-BF38-9C7A208F6C10}.Debug|Any CPU.Build.0 = Debug|Any CPU
		{D4955D09-3B34-466C-BF38-9C7A208F6C10}.Debug|x64.ActiveCfg = Debug|Any CPU
		{D4955D09-3B34-466C-BF38-9C7A208F6C10}.Debug|x64.Build.0 = Debug|Any CPU
		{D4955D09-3B34-466C-BF38-9C7A208F6C10}.Debug|x86.ActiveCfg = Debug|Any CPU
		{D4955D09-3B34-466C-BF38-9C7A208F6C10}.Debug|x86.Build.0 = Debug|Any CPU
		{D4955D09-3B34-466C-BF38-9C7A208F6C10}.Release|Any CPU.ActiveCfg = Release|Any CPU
		{D4955D09-3B34-466C-BF38-9C7A208F6C10}.Release|Any CPU.Build.0 = Release|Any CPU
		{D4955D09-3B34-466C-BF38-9C7A208F6C10}.Release|x64.ActiveCfg = Release|Any CPU
		{D4955D09-3B34-466C-BF38-9C7A208F6C10}.Release|x64.Build.0 = Release|Any CPU
		{D4955D09-3B34-466C-BF38-9C7A208F6C10}.Release|x86.ActiveCfg = Release|Any CPU
		{D4955D09-3B34-466C-BF38-9C7A208F6C10}.Release|x86.Build.0 = Release|Any CPU
		{BB738165-5F91-4023-B503-A7AC63457369}.Debug|Any CPU.ActiveCfg = Debug|Any CPU
		{BB738165-5F91-4023-B503-A7AC63457369}.Debug|Any CPU.Build.0 = Debug|Any CPU
		{BB738165-5F91-4023-B503-A7AC63457369}.Debug|x64.ActiveCfg = Debug|Any CPU
		{BB738165-5F91-4023-B503-A7AC63457369}.Debug|x64.Build.0 = Debug|Any CPU
		{BB738165-5F91-4023-B503-A7AC63457369}.Debug|x86.ActiveCfg = Debug|Any CPU
		{BB738165-5F91-4023-B503-A7AC63457369}.Debug|x86.Build.0 = Debug|Any CPU
		{BB738165-5F91-4023-B503-A7AC63457369}.Release|Any CPU.ActiveCfg = Release|Any CPU
		{BB738165-5F91-4023-B503-A7AC63457369}.Release|Any CPU.Build.0 = Release|Any CPU
		{BB738165-5F91-4023-B503-A7AC63457369}.Release|x64.ActiveCfg = Release|Any CPU
		{BB738165-5F91-4023-B503-A7AC63457369}.Release|x64.Build.0 = Release|Any CPU
		{BB738165-5F91-4023-B503-A7AC63457369}.Release|x86.ActiveCfg = Release|Any CPU
		{BB738165-5F91-4023-B503-A7AC63457369}.Release|x86.Build.0 = Release|Any CPU
		{26E364EF-EDFD-43D1-8647-F8C844983E94}.Debug|Any CPU.ActiveCfg = Debug|Any CPU
		{26E364EF-EDFD-43D1-8647-F8C844983E94}.Debug|Any CPU.Build.0 = Debug|Any CPU
		{26E364EF-EDFD-43D1-8647-F8C844983E94}.Debug|x64.ActiveCfg = Debug|Any CPU
		{26E364EF-EDFD-43D1-8647-F8C844983E94}.Debug|x64.Build.0 = Debug|Any CPU
		{26E364EF-EDFD-43D1-8647-F8C844983E94}.Debug|x86.ActiveCfg = Debug|Any CPU
		{26E364EF-EDFD-43D1-8647-F8C844983E94}.Debug|x86.Build.0 = Debug|Any CPU
		{26E364EF-EDFD-43D1-8647-F8C844983E94}.Release|Any CPU.ActiveCfg = Release|Any CPU
		{26E364EF-EDFD-43D1-8647-F8C844983E94}.Release|Any CPU.Build.0 = Release|Any CPU
		{26E364EF-EDFD-43D1-8647-F8C844983E94}.Release|x64.ActiveCfg = Release|Any CPU
		{26E364EF-EDFD-43D1-8647-F8C844983E94}.Release|x64.Build.0 = Release|Any CPU
		{26E364EF-EDFD-43D1-8647-F8C844983E94}.Release|x86.ActiveCfg = Release|Any CPU
		{26E364EF-EDFD-43D1-8647-F8C844983E94}.Release|x86.Build.0 = Release|Any CPU
		{00DAA5EF-1B7B-463C-80FB-71A860E76DBA}.Debug|Any CPU.ActiveCfg = Debug|Any CPU
		{00DAA5EF-1B7B-463C-80FB-71A860E76DBA}.Debug|Any CPU.Build.0 = Debug|Any CPU
		{00DAA5EF-1B7B-463C-80FB-71A860E76DBA}.Debug|x64.ActiveCfg = Debug|Any CPU
		{00DAA5EF-1B7B-463C-80FB-71A860E76DBA}.Debug|x64.Build.0 = Debug|Any CPU
		{00DAA5EF-1B7B-463C-80FB-71A860E76DBA}.Debug|x86.ActiveCfg = Debug|Any CPU
		{00DAA5EF-1B7B-463C-80FB-71A860E76DBA}.Debug|x86.Build.0 = Debug|Any CPU
		{00DAA5EF-1B7B-463C-80FB-71A860E76DBA}.Release|Any CPU.ActiveCfg = Release|Any CPU
		{00DAA5EF-1B7B-463C-80FB-71A860E76DBA}.Release|Any CPU.Build.0 = Release|Any CPU
		{00DAA5EF-1B7B-463C-80FB-71A860E76DBA}.Release|x64.ActiveCfg = Release|Any CPU
		{00DAA5EF-1B7B-463C-80FB-71A860E76DBA}.Release|x64.Build.0 = Release|Any CPU
		{00DAA5EF-1B7B-463C-80FB-71A860E76DBA}.Release|x86.ActiveCfg = Release|Any CPU
		{00DAA5EF-1B7B-463C-80FB-71A860E76DBA}.Release|x86.Build.0 = Release|Any CPU
		{C8D183C4-C066-46F5-893E-A83ED291F46F}.Debug|Any CPU.ActiveCfg = Debug|Any CPU
		{C8D183C4-C066-46F5-893E-A83ED291F46F}.Debug|Any CPU.Build.0 = Debug|Any CPU
		{C8D183C4-C066-46F5-893E-A83ED291F46F}.Debug|x64.ActiveCfg = Debug|Any CPU
		{C8D183C4-C066-46F5-893E-A83ED291F46F}.Debug|x64.Build.0 = Debug|Any CPU
		{C8D183C4-C066-46F5-893E-A83ED291F46F}.Debug|x86.ActiveCfg = Debug|Any CPU
		{C8D183C4-C066-46F5-893E-A83ED291F46F}.Debug|x86.Build.0 = Debug|Any CPU
		{C8D183C4-C066-46F5-893E-A83ED291F46F}.Release|Any CPU.ActiveCfg = Release|Any CPU
		{C8D183C4-C066-46F5-893E-A83ED291F46F}.Release|Any CPU.Build.0 = Release|Any CPU
		{C8D183C4-C066-46F5-893E-A83ED291F46F}.Release|x64.ActiveCfg = Release|Any CPU
		{C8D183C4-C066-46F5-893E-A83ED291F46F}.Release|x64.Build.0 = Release|Any CPU
		{C8D183C4-C066-46F5-893E-A83ED291F46F}.Release|x86.ActiveCfg = Release|Any CPU
		{C8D183C4-C066-46F5-893E-A83ED291F46F}.Release|x86.Build.0 = Release|Any CPU
		{8F7DC3F0-4ED0-476D-828D-7A95772428A0}.Debug|Any CPU.ActiveCfg = Debug|Any CPU
		{8F7DC3F0-4ED0-476D-828D-7A95772428A0}.Debug|Any CPU.Build.0 = Debug|Any CPU
		{8F7DC3F0-4ED0-476D-828D-7A95772428A0}.Debug|x64.ActiveCfg = Debug|Any CPU
		{8F7DC3F0-4ED0-476D-828D-7A95772428A0}.Debug|x64.Build.0 = Debug|Any CPU
		{8F7DC3F0-4ED0-476D-828D-7A95772428A0}.Debug|x86.ActiveCfg = Debug|Any CPU
		{8F7DC3F0-4ED0-476D-828D-7A95772428A0}.Debug|x86.Build.0 = Debug|Any CPU
		{8F7DC3F0-4ED0-476D-828D-7A95772428A0}.Release|Any CPU.ActiveCfg = Release|Any CPU
		{8F7DC3F0-4ED0-476D-828D-7A95772428A0}.Release|Any CPU.Build.0 = Release|Any CPU
		{8F7DC3F0-4ED0-476D-828D-7A95772428A0}.Release|x64.ActiveCfg = Release|Any CPU
		{8F7DC3F0-4ED0-476D-828D-7A95772428A0}.Release|x64.Build.0 = Release|Any CPU
		{8F7DC3F0-4ED0-476D-828D-7A95772428A0}.Release|x86.ActiveCfg = Release|Any CPU
		{8F7DC3F0-4ED0-476D-828D-7A95772428A0}.Release|x86.Build.0 = Release|Any CPU
		{6F27C3EC-C7A2-415B-8692-D24484AD3588}.Debug|Any CPU.ActiveCfg = Debug|Any CPU
		{6F27C3EC-C7A2-415B-8692-D24484AD3588}.Debug|Any CPU.Build.0 = Debug|Any CPU
		{6F27C3EC-C7A2-415B-8692-D24484AD3588}.Debug|x64.ActiveCfg = Debug|Any CPU
		{6F27C3EC-C7A2-415B-8692-D24484AD3588}.Debug|x64.Build.0 = Debug|Any CPU
		{6F27C3EC-C7A2-415B-8692-D24484AD3588}.Debug|x86.ActiveCfg = Debug|Any CPU
		{6F27C3EC-C7A2-415B-8692-D24484AD3588}.Debug|x86.Build.0 = Debug|Any CPU
		{6F27C3EC-C7A2-415B-8692-D24484AD3588}.Release|Any CPU.ActiveCfg = Release|Any CPU
		{6F27C3EC-C7A2-415B-8692-D24484AD3588}.Release|Any CPU.Build.0 = Release|Any CPU
		{6F27C3EC-C7A2-415B-8692-D24484AD3588}.Release|x64.ActiveCfg = Release|Any CPU
		{6F27C3EC-C7A2-415B-8692-D24484AD3588}.Release|x64.Build.0 = Release|Any CPU
		{6F27C3EC-C7A2-415B-8692-D24484AD3588}.Release|x86.ActiveCfg = Release|Any CPU
		{6F27C3EC-C7A2-415B-8692-D24484AD3588}.Release|x86.Build.0 = Release|Any CPU
		{EA8F3485-50DB-4CE4-BDCE-E5D425CD1C4B}.Debug|Any CPU.ActiveCfg = Debug|Any CPU
		{EA8F3485-50DB-4CE4-BDCE-E5D425CD1C4B}.Debug|Any CPU.Build.0 = Debug|Any CPU
		{EA8F3485-50DB-4CE4-BDCE-E5D425CD1C4B}.Debug|x64.ActiveCfg = Debug|Any CPU
		{EA8F3485-50DB-4CE4-BDCE-E5D425CD1C4B}.Debug|x64.Build.0 = Debug|Any CPU
		{EA8F3485-50DB-4CE4-BDCE-E5D425CD1C4B}.Debug|x86.ActiveCfg = Debug|Any CPU
		{EA8F3485-50DB-4CE4-BDCE-E5D425CD1C4B}.Debug|x86.Build.0 = Debug|Any CPU
		{EA8F3485-50DB-4CE4-BDCE-E5D425CD1C4B}.Release|Any CPU.ActiveCfg = Release|Any CPU
		{EA8F3485-50DB-4CE4-BDCE-E5D425CD1C4B}.Release|Any CPU.Build.0 = Release|Any CPU
		{EA8F3485-50DB-4CE4-BDCE-E5D425CD1C4B}.Release|x64.ActiveCfg = Release|Any CPU
		{EA8F3485-50DB-4CE4-BDCE-E5D425CD1C4B}.Release|x64.Build.0 = Release|Any CPU
		{EA8F3485-50DB-4CE4-BDCE-E5D425CD1C4B}.Release|x86.ActiveCfg = Release|Any CPU
		{EA8F3485-50DB-4CE4-BDCE-E5D425CD1C4B}.Release|x86.Build.0 = Release|Any CPU
		{19D83B07-B641-44B5-A195-B5D03D96DFBE}.Debug|Any CPU.ActiveCfg = Debug|Any CPU
		{19D83B07-B641-44B5-A195-B5D03D96DFBE}.Debug|Any CPU.Build.0 = Debug|Any CPU
		{19D83B07-B641-44B5-A195-B5D03D96DFBE}.Debug|x64.ActiveCfg = Debug|Any CPU
		{19D83B07-B641-44B5-A195-B5D03D96DFBE}.Debug|x64.Build.0 = Debug|Any CPU
		{19D83B07-B641-44B5-A195-B5D03D96DFBE}.Debug|x86.ActiveCfg = Debug|Any CPU
		{19D83B07-B641-44B5-A195-B5D03D96DFBE}.Debug|x86.Build.0 = Debug|Any CPU
		{19D83B07-B641-44B5-A195-B5D03D96DFBE}.Release|Any CPU.ActiveCfg = Release|Any CPU
		{19D83B07-B641-44B5-A195-B5D03D96DFBE}.Release|Any CPU.Build.0 = Release|Any CPU
		{19D83B07-B641-44B5-A195-B5D03D96DFBE}.Release|x64.ActiveCfg = Release|Any CPU
		{19D83B07-B641-44B5-A195-B5D03D96DFBE}.Release|x64.Build.0 = Release|Any CPU
		{19D83B07-B641-44B5-A195-B5D03D96DFBE}.Release|x86.ActiveCfg = Release|Any CPU
		{19D83B07-B641-44B5-A195-B5D03D96DFBE}.Release|x86.Build.0 = Release|Any CPU
		{9D9A5828-80DF-44FA-BB7B-345080F11AF7}.Debug|Any CPU.ActiveCfg = Debug|Any CPU
		{9D9A5828-80DF-44FA-BB7B-345080F11AF7}.Debug|Any CPU.Build.0 = Debug|Any CPU
		{9D9A5828-80DF-44FA-BB7B-345080F11AF7}.Debug|x64.ActiveCfg = Debug|Any CPU
		{9D9A5828-80DF-44FA-BB7B-345080F11AF7}.Debug|x64.Build.0 = Debug|Any CPU
		{9D9A5828-80DF-44FA-BB7B-345080F11AF7}.Debug|x86.ActiveCfg = Debug|Any CPU
		{9D9A5828-80DF-44FA-BB7B-345080F11AF7}.Debug|x86.Build.0 = Debug|Any CPU
		{9D9A5828-80DF-44FA-BB7B-345080F11AF7}.Release|Any CPU.ActiveCfg = Release|Any CPU
		{9D9A5828-80DF-44FA-BB7B-345080F11AF7}.Release|Any CPU.Build.0 = Release|Any CPU
		{9D9A5828-80DF-44FA-BB7B-345080F11AF7}.Release|x64.ActiveCfg = Release|Any CPU
		{9D9A5828-80DF-44FA-BB7B-345080F11AF7}.Release|x64.Build.0 = Release|Any CPU
		{9D9A5828-80DF-44FA-BB7B-345080F11AF7}.Release|x86.ActiveCfg = Release|Any CPU
		{9D9A5828-80DF-44FA-BB7B-345080F11AF7}.Release|x86.Build.0 = Release|Any CPU
		{83AE7DFF-87E4-46A7-BEE0-A3D03E335330}.Debug|Any CPU.ActiveCfg = Debug|Any CPU
		{83AE7DFF-87E4-46A7-BEE0-A3D03E335330}.Debug|Any CPU.Build.0 = Debug|Any CPU
		{83AE7DFF-87E4-46A7-BEE0-A3D03E335330}.Debug|x64.ActiveCfg = Debug|Any CPU
		{83AE7DFF-87E4-46A7-BEE0-A3D03E335330}.Debug|x64.Build.0 = Debug|Any CPU
		{83AE7DFF-87E4-46A7-BEE0-A3D03E335330}.Debug|x86.ActiveCfg = Debug|Any CPU
		{83AE7DFF-87E4-46A7-BEE0-A3D03E335330}.Debug|x86.Build.0 = Debug|Any CPU
		{83AE7DFF-87E4-46A7-BEE0-A3D03E335330}.Release|Any CPU.ActiveCfg = Release|Any CPU
		{83AE7DFF-87E4-46A7-BEE0-A3D03E335330}.Release|Any CPU.Build.0 = Release|Any CPU
		{83AE7DFF-87E4-46A7-BEE0-A3D03E335330}.Release|x64.ActiveCfg = Release|Any CPU
		{83AE7DFF-87E4-46A7-BEE0-A3D03E335330}.Release|x64.Build.0 = Release|Any CPU
		{83AE7DFF-87E4-46A7-BEE0-A3D03E335330}.Release|x86.ActiveCfg = Release|Any CPU
		{83AE7DFF-87E4-46A7-BEE0-A3D03E335330}.Release|x86.Build.0 = Release|Any CPU
		{C8D7595A-F538-4124-A971-583F809F7F07}.Debug|Any CPU.ActiveCfg = Debug|Any CPU
		{C8D7595A-F538-4124-A971-583F809F7F07}.Debug|Any CPU.Build.0 = Debug|Any CPU
		{C8D7595A-F538-4124-A971-583F809F7F07}.Debug|x64.ActiveCfg = Debug|Any CPU
		{C8D7595A-F538-4124-A971-583F809F7F07}.Debug|x64.Build.0 = Debug|Any CPU
		{C8D7595A-F538-4124-A971-583F809F7F07}.Debug|x86.ActiveCfg = Debug|Any CPU
		{C8D7595A-F538-4124-A971-583F809F7F07}.Debug|x86.Build.0 = Debug|Any CPU
		{C8D7595A-F538-4124-A971-583F809F7F07}.Release|Any CPU.ActiveCfg = Release|Any CPU
		{C8D7595A-F538-4124-A971-583F809F7F07}.Release|Any CPU.Build.0 = Release|Any CPU
		{C8D7595A-F538-4124-A971-583F809F7F07}.Release|x64.ActiveCfg = Release|Any CPU
		{C8D7595A-F538-4124-A971-583F809F7F07}.Release|x64.Build.0 = Release|Any CPU
		{C8D7595A-F538-4124-A971-583F809F7F07}.Release|x86.ActiveCfg = Release|Any CPU
		{C8D7595A-F538-4124-A971-583F809F7F07}.Release|x86.Build.0 = Release|Any CPU
		{AE405C8F-558C-4C6D-B3E9-E583334BDF5F}.Debug|Any CPU.ActiveCfg = Debug|Any CPU
		{AE405C8F-558C-4C6D-B3E9-E583334BDF5F}.Debug|Any CPU.Build.0 = Debug|Any CPU
		{AE405C8F-558C-4C6D-B3E9-E583334BDF5F}.Debug|x64.ActiveCfg = Debug|Any CPU
		{AE405C8F-558C-4C6D-B3E9-E583334BDF5F}.Debug|x64.Build.0 = Debug|Any CPU
		{AE405C8F-558C-4C6D-B3E9-E583334BDF5F}.Debug|x86.ActiveCfg = Debug|Any CPU
		{AE405C8F-558C-4C6D-B3E9-E583334BDF5F}.Debug|x86.Build.0 = Debug|Any CPU
		{AE405C8F-558C-4C6D-B3E9-E583334BDF5F}.Release|Any CPU.ActiveCfg = Release|Any CPU
		{AE405C8F-558C-4C6D-B3E9-E583334BDF5F}.Release|Any CPU.Build.0 = Release|Any CPU
		{AE405C8F-558C-4C6D-B3E9-E583334BDF5F}.Release|x64.ActiveCfg = Release|Any CPU
		{AE405C8F-558C-4C6D-B3E9-E583334BDF5F}.Release|x64.Build.0 = Release|Any CPU
		{AE405C8F-558C-4C6D-B3E9-E583334BDF5F}.Release|x86.ActiveCfg = Release|Any CPU
		{AE405C8F-558C-4C6D-B3E9-E583334BDF5F}.Release|x86.Build.0 = Release|Any CPU
	EndGlobalSection
	GlobalSection(NestedProjects) = preSolution
		{F6F654A7-1402-447D-AE3F-7870AC38265E} = {39724554-F0D9-4818-897D-32D7E7CB3234}
		{C344A0F8-2F2F-4DBE-8735-8FFF937F258B} = {39724554-F0D9-4818-897D-32D7E7CB3234}
		{FC2531AC-4277-41C8-9AC4-53452986A188} = {39724554-F0D9-4818-897D-32D7E7CB3234}
		{F709FF66-B809-46FE-8455-8962D392DD09} = {39724554-F0D9-4818-897D-32D7E7CB3234}
		{B9F3E614-9511-4CB1-AB53-3CD579C157AF} = {39724554-F0D9-4818-897D-32D7E7CB3234}
		{E4CB8057-45BD-4E55-90F5-16D9D8D66F11} = {39724554-F0D9-4818-897D-32D7E7CB3234}
		{450D0478-0E66-423C-8F5C-303EDE4F21CE} = {39724554-F0D9-4818-897D-32D7E7CB3234}
		{84CB498E-667F-4D57-8BBC-E2986C58C5D4} = {39724554-F0D9-4818-897D-32D7E7CB3234}
		{79701E38-6616-4C20-92BC-799FF1743692} = {39724554-F0D9-4818-897D-32D7E7CB3234}
		{49DC4670-71F9-4885-B244-559788EFED44} = {39724554-F0D9-4818-897D-32D7E7CB3234}
		{0A94E7AB-2EBE-4349-A4E0-6A1ABDDB3F06} = {39724554-F0D9-4818-897D-32D7E7CB3234}
		{A2B64663-2CDC-4A26-93B8-F965F0392261} = {39724554-F0D9-4818-897D-32D7E7CB3234}
		{B04F2234-7CAB-4C87-94EF-3F2B4D4550C5} = {39724554-F0D9-4818-897D-32D7E7CB3234}
		{8A65D19C-E1A9-44F1-904D-519C8F31D4A0} = {39724554-F0D9-4818-897D-32D7E7CB3234}
		{C5C9E1BE-BDC2-464F-AFD6-7B005D4A9186} = {39724554-F0D9-4818-897D-32D7E7CB3234}
		{8C1527C2-6DED-4D3F-99B1-9D9E1DF25760} = {39724554-F0D9-4818-897D-32D7E7CB3234}
		{6EE37B59-0689-4185-9CCB-FCF9D14B35B4} = {39724554-F0D9-4818-897D-32D7E7CB3234}
		{3046062A-B3F2-482B-9080-E969593DDCBA} = {39724554-F0D9-4818-897D-32D7E7CB3234}
		{26F33651-3979-4A81-8272-E2053D12B3F0} = {39724554-F0D9-4818-897D-32D7E7CB3234}
		{AFFC4C54-0D93-4D95-8001-1FC0B8A60F87} = {39724554-F0D9-4818-897D-32D7E7CB3234}
		{8D8332A6-CEC6-4C20-9C89-B84E5DDA6AE8} = {39724554-F0D9-4818-897D-32D7E7CB3234}
		{D4955D09-3B34-466C-BF38-9C7A208F6C10} = {39724554-F0D9-4818-897D-32D7E7CB3234}
		{BB738165-5F91-4023-B503-A7AC63457369} = {39724554-F0D9-4818-897D-32D7E7CB3234}
		{26E364EF-EDFD-43D1-8647-F8C844983E94} = {39724554-F0D9-4818-897D-32D7E7CB3234}
		{00DAA5EF-1B7B-463C-80FB-71A860E76DBA} = {39724554-F0D9-4818-897D-32D7E7CB3234}
		{C8D183C4-C066-46F5-893E-A83ED291F46F} = {39724554-F0D9-4818-897D-32D7E7CB3234}
		{8F7DC3F0-4ED0-476D-828D-7A95772428A0} = {39724554-F0D9-4818-897D-32D7E7CB3234}
		{6F27C3EC-C7A2-415B-8692-D24484AD3588} = {39724554-F0D9-4818-897D-32D7E7CB3234}
		{EA8F3485-50DB-4CE4-BDCE-E5D425CD1C4B} = {39724554-F0D9-4818-897D-32D7E7CB3234}
		{19D83B07-B641-44B5-A195-B5D03D96DFBE} = {070AF30A-DB39-4F97-BE58-97E89F1667CB}
		{9D9A5828-80DF-44FA-BB7B-345080F11AF7} = {39724554-F0D9-4818-897D-32D7E7CB3234}
		{83AE7DFF-87E4-46A7-BEE0-A3D03E335330} = {070AF30A-DB39-4F97-BE58-97E89F1667CB}
		{C8D7595A-F538-4124-A971-583F809F7F07} = {070AF30A-DB39-4F97-BE58-97E89F1667CB}
		{AE405C8F-558C-4C6D-B3E9-E583334BDF5F} = {070AF30A-DB39-4F97-BE58-97E89F1667CB}
	EndGlobalSection
EndGlobal
